// !$*UTF8*$!
{
	archiveVersion = 1;
	classes = {
	};
	objectVersion = 56;
	objects = {

/* Begin PBXBuildFile section */
		CEB78FA5C6D33E3CF75F7D16 /* Pods_TwitterTutorial.framework in Frameworks */ = {isa = PBXBuildFile; fileRef = 99F0471FB16E59429D2B66A3 /* Pods_TwitterTutorial.framework */; };
		FA03D93829E53FFC009387FF /* ActionSheetLauncher.swift in Sources */ = {isa = PBXBuildFile; fileRef = FA03D93729E53FFC009387FF /* ActionSheetLauncher.swift */; };
		FA03D93A29E55C3F009387FF /* ActionSheetCell.swift in Sources */ = {isa = PBXBuildFile; fileRef = FA03D93929E55C3F009387FF /* ActionSheetCell.swift */; };
		FA03D93C29E79AA8009387FF /* ActionSheetViewModel.swift in Sources */ = {isa = PBXBuildFile; fileRef = FA03D93B29E79AA8009387FF /* ActionSheetViewModel.swift */; };
		FA03D93E29EBE7E2009387FF /* Notification.swift in Sources */ = {isa = PBXBuildFile; fileRef = FA03D93D29EBE7E2009387FF /* Notification.swift */; };
		FA8F850F2991601500B11798 /* AppDelegate.swift in Sources */ = {isa = PBXBuildFile; fileRef = FA8F850E2991601500B11798 /* AppDelegate.swift */; };
		FA8F85112991601500B11798 /* SceneDelegate.swift in Sources */ = {isa = PBXBuildFile; fileRef = FA8F85102991601500B11798 /* SceneDelegate.swift */; };
		FA8F85132991601500B11798 /* ViewController.swift in Sources */ = {isa = PBXBuildFile; fileRef = FA8F85122991601500B11798 /* ViewController.swift */; };
		FA8F85162991601500B11798 /* Main.storyboard in Resources */ = {isa = PBXBuildFile; fileRef = FA8F85142991601500B11798 /* Main.storyboard */; };
		FA8F85182991601600B11798 /* Assets.xcassets in Resources */ = {isa = PBXBuildFile; fileRef = FA8F85172991601600B11798 /* Assets.xcassets */; };
		FA8F851B2991601600B11798 /* LaunchScreen.storyboard in Resources */ = {isa = PBXBuildFile; fileRef = FA8F85192991601600B11798 /* LaunchScreen.storyboard */; };
		FA8F852B2991636E00B11798 /* MainTabController.swift in Sources */ = {isa = PBXBuildFile; fileRef = FA8F852A2991636E00B11798 /* MainTabController.swift */; };
		FA8F852D29920F0600B11798 /* FeedController.swift in Sources */ = {isa = PBXBuildFile; fileRef = FA8F852C29920F0600B11798 /* FeedController.swift */; };
		FA8F852F29920F6100B11798 /* ExploreController.swift in Sources */ = {isa = PBXBuildFile; fileRef = FA8F852E29920F6100B11798 /* ExploreController.swift */; };
		FA8F853129920F9100B11798 /* NotificationsController.swift in Sources */ = {isa = PBXBuildFile; fileRef = FA8F853029920F9100B11798 /* NotificationsController.swift */; };
		FA8F853329920FC500B11798 /* ConversationsController.swift in Sources */ = {isa = PBXBuildFile; fileRef = FA8F853229920FC500B11798 /* ConversationsController.swift */; };
		FA8F855F29924D4400B11798 /* Extensions.swift in Sources */ = {isa = PBXBuildFile; fileRef = FA8F855E29924D4400B11798 /* Extensions.swift */; };
		FA8F85622992A30D00B11798 /* LoginController.swift in Sources */ = {isa = PBXBuildFile; fileRef = FA8F85612992A30D00B11798 /* LoginController.swift */; };
		FA8F85642992A41100B11798 /* RegistrationController.swift in Sources */ = {isa = PBXBuildFile; fileRef = FA8F85632992A41100B11798 /* RegistrationController.swift */; };
		FAC9A50F29BB133F00057E78 /* UserCell.swift in Sources */ = {isa = PBXBuildFile; fileRef = FAC9A50E29BB133F00057E78 /* UserCell.swift */; };
		FAC9A51129C8646300057E78 /* TweetController.swift in Sources */ = {isa = PBXBuildFile; fileRef = FAC9A51029C8646300057E78 /* TweetController.swift */; };
		FAC9A51329C945A800057E78 /* TweetHeader.swift in Sources */ = {isa = PBXBuildFile; fileRef = FAC9A51229C945A800057E78 /* TweetHeader.swift */; };
		FAC9A51529CF0A6D00057E78 /* UploadTweetViewModel.swift in Sources */ = {isa = PBXBuildFile; fileRef = FAC9A51429CF0A6D00057E78 /* UploadTweetViewModel.swift */; };
		FAF2F8A8299382CE005F74AF /* Utilities.swift in Sources */ = {isa = PBXBuildFile; fileRef = FAF2F8A7299382CE005F74AF /* Utilities.swift */; };
		FAF2F8AA2994D3E2005F74AF /* GoogleService-Info.plist in Resources */ = {isa = PBXBuildFile; fileRef = FAF2F8A92994D3E2005F74AF /* GoogleService-Info.plist */; };
		FAF2F8AC29954E10005F74AF /* Constants.swift in Sources */ = {isa = PBXBuildFile; fileRef = FAF2F8AB29954E10005F74AF /* Constants.swift */; };
		FAF2F8AE2995F8FD005F74AF /* AuthService.swift in Sources */ = {isa = PBXBuildFile; fileRef = FAF2F8AD2995F8FD005F74AF /* AuthService.swift */; };
		FAF2F8B0299633CB005F74AF /* UserService.swift in Sources */ = {isa = PBXBuildFile; fileRef = FAF2F8AF299633CB005F74AF /* UserService.swift */; };
		FAF2F8B229989DD5005F74AF /* User.swift in Sources */ = {isa = PBXBuildFile; fileRef = FAF2F8B129989DD5005F74AF /* User.swift */; };
		FAF2F8B429993D13005F74AF /* UploadTweetController.swift in Sources */ = {isa = PBXBuildFile; fileRef = FAF2F8B329993D13005F74AF /* UploadTweetController.swift */; };
		FAF2F8B629994E84005F74AF /* CaptionTextView.swift in Sources */ = {isa = PBXBuildFile; fileRef = FAF2F8B529994E84005F74AF /* CaptionTextView.swift */; };
		FAF2F8B82999E6DF005F74AF /* TweetService.swift in Sources */ = {isa = PBXBuildFile; fileRef = FAF2F8B72999E6DF005F74AF /* TweetService.swift */; };
		FAF2F8BA2999F025005F74AF /* Tweet.swift in Sources */ = {isa = PBXBuildFile; fileRef = FAF2F8B92999F025005F74AF /* Tweet.swift */; };
		FAF2F8BC299A0E01005F74AF /* TweetCell.swift in Sources */ = {isa = PBXBuildFile; fileRef = FAF2F8BB299A0E01005F74AF /* TweetCell.swift */; };
		FAF2F8BE299A75F6005F74AF /* TweetViewModel.swift in Sources */ = {isa = PBXBuildFile; fileRef = FAF2F8BD299A75F6005F74AF /* TweetViewModel.swift */; };
		FAF2F8C0299A98A7005F74AF /* ProfileController.swift in Sources */ = {isa = PBXBuildFile; fileRef = FAF2F8BF299A98A7005F74AF /* ProfileController.swift */; };
		FAF2F8C2299B3EC6005F74AF /* ProfileHeader.swift in Sources */ = {isa = PBXBuildFile; fileRef = FAF2F8C1299B3EC6005F74AF /* ProfileHeader.swift */; };
		FAF2F8C4299B617F005F74AF /* ProfileFilterVIew.swift in Sources */ = {isa = PBXBuildFile; fileRef = FAF2F8C3299B617F005F74AF /* ProfileFilterVIew.swift */; };
		FAF2F8C6299B6438005F74AF /* ProfileFilterCell.swift in Sources */ = {isa = PBXBuildFile; fileRef = FAF2F8C5299B6438005F74AF /* ProfileFilterCell.swift */; };
		FAF2F8C8299B74B0005F74AF /* ProfileFilterOptions.swift in Sources */ = {isa = PBXBuildFile; fileRef = FAF2F8C7299B74B0005F74AF /* ProfileFilterOptions.swift */; };
		FAF2F8CA299B7A46005F74AF /* ProfileHeaderViewModel.swift in Sources */ = {isa = PBXBuildFile; fileRef = FAF2F8C9299B7A46005F74AF /* ProfileHeaderViewModel.swift */; };
/* End PBXBuildFile section */

/* Begin PBXFileReference section */
		04BBA7C29A203FCE50E3154B /* Pods-TwitterTutorial.debug.xcconfig */ = {isa = PBXFileReference; includeInIndex = 1; lastKnownFileType = text.xcconfig; name = "Pods-TwitterTutorial.debug.xcconfig"; path = "Target Support Files/Pods-TwitterTutorial/Pods-TwitterTutorial.debug.xcconfig"; sourceTree = "<group>"; };
		7A6D6DF3EE03C2DE56532E21 /* Pods-TwitterTutorial.release.xcconfig */ = {isa = PBXFileReference; includeInIndex = 1; lastKnownFileType = text.xcconfig; name = "Pods-TwitterTutorial.release.xcconfig"; path = "Target Support Files/Pods-TwitterTutorial/Pods-TwitterTutorial.release.xcconfig"; sourceTree = "<group>"; };
		99F0471FB16E59429D2B66A3 /* Pods_TwitterTutorial.framework */ = {isa = PBXFileReference; explicitFileType = wrapper.framework; includeInIndex = 0; path = Pods_TwitterTutorial.framework; sourceTree = BUILT_PRODUCTS_DIR; };
		FA03D93729E53FFC009387FF /* ActionSheetLauncher.swift */ = {isa = PBXFileReference; lastKnownFileType = sourcecode.swift; path = ActionSheetLauncher.swift; sourceTree = "<group>"; };
		FA03D93929E55C3F009387FF /* ActionSheetCell.swift */ = {isa = PBXFileReference; lastKnownFileType = sourcecode.swift; path = ActionSheetCell.swift; sourceTree = "<group>"; };
		FA03D93B29E79AA8009387FF /* ActionSheetViewModel.swift */ = {isa = PBXFileReference; lastKnownFileType = sourcecode.swift; path = ActionSheetViewModel.swift; sourceTree = "<group>"; };
		FA03D93D29EBE7E2009387FF /* Notification.swift */ = {isa = PBXFileReference; lastKnownFileType = sourcecode.swift; path = Notification.swift; sourceTree = "<group>"; };
		FA8F850B2991601500B11798 /* TwitterTutorial.app */ = {isa = PBXFileReference; explicitFileType = wrapper.application; includeInIndex = 0; path = TwitterTutorial.app; sourceTree = BUILT_PRODUCTS_DIR; };
		FA8F850E2991601500B11798 /* AppDelegate.swift */ = {isa = PBXFileReference; lastKnownFileType = sourcecode.swift; path = AppDelegate.swift; sourceTree = "<group>"; };
		FA8F85102991601500B11798 /* SceneDelegate.swift */ = {isa = PBXFileReference; lastKnownFileType = sourcecode.swift; path = SceneDelegate.swift; sourceTree = "<group>"; };
		FA8F85122991601500B11798 /* ViewController.swift */ = {isa = PBXFileReference; lastKnownFileType = sourcecode.swift; path = ViewController.swift; sourceTree = "<group>"; };
		FA8F85152991601500B11798 /* Base */ = {isa = PBXFileReference; lastKnownFileType = file.storyboard; name = Base; path = Base.lproj/Main.storyboard; sourceTree = "<group>"; };
		FA8F85172991601600B11798 /* Assets.xcassets */ = {isa = PBXFileReference; lastKnownFileType = folder.assetcatalog; path = Assets.xcassets; sourceTree = "<group>"; };
		FA8F851A2991601600B11798 /* Base */ = {isa = PBXFileReference; lastKnownFileType = file.storyboard; name = Base; path = Base.lproj/LaunchScreen.storyboard; sourceTree = "<group>"; };
		FA8F851C2991601600B11798 /* Info.plist */ = {isa = PBXFileReference; lastKnownFileType = text.plist.xml; path = Info.plist; sourceTree = "<group>"; };
		FA8F852A2991636E00B11798 /* MainTabController.swift */ = {isa = PBXFileReference; lastKnownFileType = sourcecode.swift; path = MainTabController.swift; sourceTree = "<group>"; };
		FA8F852C29920F0600B11798 /* FeedController.swift */ = {isa = PBXFileReference; lastKnownFileType = sourcecode.swift; path = FeedController.swift; sourceTree = "<group>"; };
		FA8F852E29920F6100B11798 /* ExploreController.swift */ = {isa = PBXFileReference; lastKnownFileType = sourcecode.swift; path = ExploreController.swift; sourceTree = "<group>"; };
		FA8F853029920F9100B11798 /* NotificationsController.swift */ = {isa = PBXFileReference; lastKnownFileType = sourcecode.swift; path = NotificationsController.swift; sourceTree = "<group>"; };
		FA8F853229920FC500B11798 /* ConversationsController.swift */ = {isa = PBXFileReference; lastKnownFileType = sourcecode.swift; path = ConversationsController.swift; sourceTree = "<group>"; };
		FA8F855E29924D4400B11798 /* Extensions.swift */ = {isa = PBXFileReference; lastKnownFileType = sourcecode.swift; path = Extensions.swift; sourceTree = "<group>"; };
		FA8F85612992A30D00B11798 /* LoginController.swift */ = {isa = PBXFileReference; lastKnownFileType = sourcecode.swift; path = LoginController.swift; sourceTree = "<group>"; };
		FA8F85632992A41100B11798 /* RegistrationController.swift */ = {isa = PBXFileReference; lastKnownFileType = sourcecode.swift; path = RegistrationController.swift; sourceTree = "<group>"; };
		FAC9A50E29BB133F00057E78 /* UserCell.swift */ = {isa = PBXFileReference; lastKnownFileType = sourcecode.swift; path = UserCell.swift; sourceTree = "<group>"; };
		FAC9A51029C8646300057E78 /* TweetController.swift */ = {isa = PBXFileReference; lastKnownFileType = sourcecode.swift; path = TweetController.swift; sourceTree = "<group>"; };
		FAC9A51229C945A800057E78 /* TweetHeader.swift */ = {isa = PBXFileReference; lastKnownFileType = sourcecode.swift; path = TweetHeader.swift; sourceTree = "<group>"; };
		FAC9A51429CF0A6D00057E78 /* UploadTweetViewModel.swift */ = {isa = PBXFileReference; lastKnownFileType = sourcecode.swift; path = UploadTweetViewModel.swift; sourceTree = "<group>"; };
		FAF2F8A7299382CE005F74AF /* Utilities.swift */ = {isa = PBXFileReference; lastKnownFileType = sourcecode.swift; path = Utilities.swift; sourceTree = "<group>"; };
		FAF2F8A92994D3E2005F74AF /* GoogleService-Info.plist */ = {isa = PBXFileReference; fileEncoding = 4; lastKnownFileType = text.plist.xml; path = "GoogleService-Info.plist"; sourceTree = "<group>"; };
		FAF2F8AB29954E10005F74AF /* Constants.swift */ = {isa = PBXFileReference; lastKnownFileType = sourcecode.swift; path = Constants.swift; sourceTree = "<group>"; };
		FAF2F8AD2995F8FD005F74AF /* AuthService.swift */ = {isa = PBXFileReference; lastKnownFileType = sourcecode.swift; path = AuthService.swift; sourceTree = "<group>"; };
		FAF2F8AF299633CB005F74AF /* UserService.swift */ = {isa = PBXFileReference; lastKnownFileType = sourcecode.swift; path = UserService.swift; sourceTree = "<group>"; };
		FAF2F8B129989DD5005F74AF /* User.swift */ = {isa = PBXFileReference; lastKnownFileType = sourcecode.swift; path = User.swift; sourceTree = "<group>"; };
		FAF2F8B329993D13005F74AF /* UploadTweetController.swift */ = {isa = PBXFileReference; lastKnownFileType = sourcecode.swift; path = UploadTweetController.swift; sourceTree = "<group>"; };
		FAF2F8B529994E84005F74AF /* CaptionTextView.swift */ = {isa = PBXFileReference; lastKnownFileType = sourcecode.swift; path = CaptionTextView.swift; sourceTree = "<group>"; };
		FAF2F8B72999E6DF005F74AF /* TweetService.swift */ = {isa = PBXFileReference; lastKnownFileType = sourcecode.swift; path = TweetService.swift; sourceTree = "<group>"; };
		FAF2F8B92999F025005F74AF /* Tweet.swift */ = {isa = PBXFileReference; lastKnownFileType = sourcecode.swift; path = Tweet.swift; sourceTree = "<group>"; };
		FAF2F8BB299A0E01005F74AF /* TweetCell.swift */ = {isa = PBXFileReference; lastKnownFileType = sourcecode.swift; path = TweetCell.swift; sourceTree = "<group>"; };
		FAF2F8BD299A75F6005F74AF /* TweetViewModel.swift */ = {isa = PBXFileReference; lastKnownFileType = sourcecode.swift; path = TweetViewModel.swift; sourceTree = "<group>"; };
		FAF2F8BF299A98A7005F74AF /* ProfileController.swift */ = {isa = PBXFileReference; lastKnownFileType = sourcecode.swift; path = ProfileController.swift; sourceTree = "<group>"; };
		FAF2F8C1299B3EC6005F74AF /* ProfileHeader.swift */ = {isa = PBXFileReference; lastKnownFileType = sourcecode.swift; path = ProfileHeader.swift; sourceTree = "<group>"; };
		FAF2F8C3299B617F005F74AF /* ProfileFilterVIew.swift */ = {isa = PBXFileReference; lastKnownFileType = sourcecode.swift; path = ProfileFilterVIew.swift; sourceTree = "<group>"; };
		FAF2F8C5299B6438005F74AF /* ProfileFilterCell.swift */ = {isa = PBXFileReference; lastKnownFileType = sourcecode.swift; path = ProfileFilterCell.swift; sourceTree = "<group>"; };
		FAF2F8C7299B74B0005F74AF /* ProfileFilterOptions.swift */ = {isa = PBXFileReference; lastKnownFileType = sourcecode.swift; path = ProfileFilterOptions.swift; sourceTree = "<group>"; };
		FAF2F8C9299B7A46005F74AF /* ProfileHeaderViewModel.swift */ = {isa = PBXFileReference; lastKnownFileType = sourcecode.swift; path = ProfileHeaderViewModel.swift; sourceTree = "<group>"; };
/* End PBXFileReference section */

/* Begin PBXFrameworksBuildPhase section */
		FA8F85082991601500B11798 /* Frameworks */ = {
			isa = PBXFrameworksBuildPhase;
			buildActionMask = 2147483647;
			files = (
				CEB78FA5C6D33E3CF75F7D16 /* Pods_TwitterTutorial.framework in Frameworks */,
			);
			runOnlyForDeploymentPostprocessing = 0;
		};
/* End PBXFrameworksBuildPhase section */

/* Begin PBXGroup section */
		C31305C01B23ECC26BB8E0EB /* Frameworks */ = {
			isa = PBXGroup;
			children = (
				99F0471FB16E59429D2B66A3 /* Pods_TwitterTutorial.framework */,
			);
			name = Frameworks;
			sourceTree = "<group>";
		};
		ED3B87448880C23723700AA2 /* Pods */ = {
			isa = PBXGroup;
			children = (
				04BBA7C29A203FCE50E3154B /* Pods-TwitterTutorial.debug.xcconfig */,
				7A6D6DF3EE03C2DE56532E21 /* Pods-TwitterTutorial.release.xcconfig */,
			);
			path = Pods;
			sourceTree = "<group>";
		};
		FA8F85022991601500B11798 = {
			isa = PBXGroup;
			children = (
				FA8F850D2991601500B11798 /* TwitterTutorial */,
				FA8F850C2991601500B11798 /* Products */,
				ED3B87448880C23723700AA2 /* Pods */,
				C31305C01B23ECC26BB8E0EB /* Frameworks */,
			);
			sourceTree = "<group>";
		};
		FA8F850C2991601500B11798 /* Products */ = {
			isa = PBXGroup;
			children = (
				FA8F850B2991601500B11798 /* TwitterTutorial.app */,
			);
			name = Products;
			sourceTree = "<group>";
		};
		FA8F850D2991601500B11798 /* TwitterTutorial */ = {
			isa = PBXGroup;
			children = (
				FA8F85272991619E00B11798 /* Model */,
				FA8F85262991619800B11798 /* View */,
				FA8F85252991618C00B11798 /* ViewModel */,
				FA8F85242991618800B11798 /* Controller */,
				FA8F85232991618300B11798 /* API */,
				FA8F85222991616E00B11798 /* Utils */,
				FA8F850E2991601500B11798 /* AppDelegate.swift */,
				FA8F85102991601500B11798 /* SceneDelegate.swift */,
				FA8F85122991601500B11798 /* ViewController.swift */,
				FA8F85142991601500B11798 /* Main.storyboard */,
				FA8F85172991601600B11798 /* Assets.xcassets */,
				FA8F85192991601600B11798 /* LaunchScreen.storyboard */,
				FAF2F8A92994D3E2005F74AF /* GoogleService-Info.plist */,
				FA8F851C2991601600B11798 /* Info.plist */,
			);
			path = TwitterTutorial;
			sourceTree = "<group>";
		};
		FA8F85222991616E00B11798 /* Utils */ = {
			isa = PBXGroup;
			children = (
				FA8F855E29924D4400B11798 /* Extensions.swift */,
				FAF2F8A7299382CE005F74AF /* Utilities.swift */,
				FAF2F8AB29954E10005F74AF /* Constants.swift */,
				FA03D93729E53FFC009387FF /* ActionSheetLauncher.swift */,
			);
			path = Utils;
			sourceTree = "<group>";
		};
		FA8F85232991618300B11798 /* API */ = {
			isa = PBXGroup;
			children = (
				FAF2F8AD2995F8FD005F74AF /* AuthService.swift */,
				FAF2F8AF299633CB005F74AF /* UserService.swift */,
				FAF2F8B72999E6DF005F74AF /* TweetService.swift */,
			);
			path = API;
			sourceTree = "<group>";
		};
		FA8F85242991618800B11798 /* Controller */ = {
			isa = PBXGroup;
			children = (
				FA8F85602992A2E800B11798 /* Authentication */,
				FA8F852A2991636E00B11798 /* MainTabController.swift */,
				FA8F852C29920F0600B11798 /* FeedController.swift */,
				FA8F852E29920F6100B11798 /* ExploreController.swift */,
				FA8F853029920F9100B11798 /* NotificationsController.swift */,
				FA8F853229920FC500B11798 /* ConversationsController.swift */,
				FAF2F8B329993D13005F74AF /* UploadTweetController.swift */,
				FAF2F8BF299A98A7005F74AF /* ProfileController.swift */,
				FAC9A51029C8646300057E78 /* TweetController.swift */,
			);
			path = Controller;
			sourceTree = "<group>";
		};
		FA8F85252991618C00B11798 /* ViewModel */ = {
			isa = PBXGroup;
			children = (
				FAF2F8BD299A75F6005F74AF /* TweetViewModel.swift */,
				FAF2F8C7299B74B0005F74AF /* ProfileFilterOptions.swift */,
				FAF2F8C9299B7A46005F74AF /* ProfileHeaderViewModel.swift */,
				FAC9A51429CF0A6D00057E78 /* UploadTweetViewModel.swift */,
				FA03D93B29E79AA8009387FF /* ActionSheetViewModel.swift */,
			);
			path = ViewModel;
			sourceTree = "<group>";
		};
		FA8F85262991619800B11798 /* View */ = {
			isa = PBXGroup;
			children = (
				FAF2F8B529994E84005F74AF /* CaptionTextView.swift */,
				FAF2F8BB299A0E01005F74AF /* TweetCell.swift */,
				FAF2F8C1299B3EC6005F74AF /* ProfileHeader.swift */,
				FAF2F8C3299B617F005F74AF /* ProfileFilterVIew.swift */,
				FAF2F8C5299B6438005F74AF /* ProfileFilterCell.swift */,
				FAC9A50E29BB133F00057E78 /* UserCell.swift */,
				FAC9A51229C945A800057E78 /* TweetHeader.swift */,
				FA03D93929E55C3F009387FF /* ActionSheetCell.swift */,
			);
			path = View;
			sourceTree = "<group>";
		};
		FA8F85272991619E00B11798 /* Model */ = {
			isa = PBXGroup;
			children = (
				FAF2F8B129989DD5005F74AF /* User.swift */,
				FAF2F8B92999F025005F74AF /* Tweet.swift */,
				FA03D93D29EBE7E2009387FF /* Notification.swift */,
			);
			path = Model;
			sourceTree = "<group>";
		};
		FA8F85602992A2E800B11798 /* Authentication */ = {
			isa = PBXGroup;
			children = (
				FA8F85612992A30D00B11798 /* LoginController.swift */,
				FA8F85632992A41100B11798 /* RegistrationController.swift */,
			);
			path = Authentication;
			sourceTree = "<group>";
		};
/* End PBXGroup section */

/* Begin PBXNativeTarget section */
		FA8F850A2991601500B11798 /* TwitterTutorial */ = {
			isa = PBXNativeTarget;
			buildConfigurationList = FA8F851F2991601600B11798 /* Build configuration list for PBXNativeTarget "TwitterTutorial" */;
			buildPhases = (
				39BDB9E7509DAE20F073A9E1 /* [CP] Check Pods Manifest.lock */,
				FA8F85072991601500B11798 /* Sources */,
				FA8F85082991601500B11798 /* Frameworks */,
				FA8F85092991601500B11798 /* Resources */,
				05C51533D6BCDB6715A16283 /* [CP] Embed Pods Frameworks */,
			);
			buildRules = (
			);
			dependencies = (
			);
			name = TwitterTutorial;
			productName = TwitterTutorial;
			productReference = FA8F850B2991601500B11798 /* TwitterTutorial.app */;
			productType = "com.apple.product-type.application";
		};
/* End PBXNativeTarget section */

/* Begin PBXProject section */
		FA8F85032991601500B11798 /* Project object */ = {
			isa = PBXProject;
			attributes = {
				BuildIndependentTargetsInParallel = 1;
				LastSwiftUpdateCheck = 1420;
				LastUpgradeCheck = 1420;
				TargetAttributes = {
					FA8F850A2991601500B11798 = {
						CreatedOnToolsVersion = 14.2;
					};
				};
			};
			buildConfigurationList = FA8F85062991601500B11798 /* Build configuration list for PBXProject "TwitterTutorial" */;
			compatibilityVersion = "Xcode 14.0";
			developmentRegion = en;
			hasScannedForEncodings = 0;
			knownRegions = (
				en,
				Base,
			);
			mainGroup = FA8F85022991601500B11798;
			productRefGroup = FA8F850C2991601500B11798 /* Products */;
			projectDirPath = "";
			projectRoot = "";
			targets = (
				FA8F850A2991601500B11798 /* TwitterTutorial */,
			);
		};
/* End PBXProject section */

/* Begin PBXResourcesBuildPhase section */
		FA8F85092991601500B11798 /* Resources */ = {
			isa = PBXResourcesBuildPhase;
			buildActionMask = 2147483647;
			files = (
				FA8F851B2991601600B11798 /* LaunchScreen.storyboard in Resources */,
				FAF2F8AA2994D3E2005F74AF /* GoogleService-Info.plist in Resources */,
				FA8F85182991601600B11798 /* Assets.xcassets in Resources */,
				FA8F85162991601500B11798 /* Main.storyboard in Resources */,
			);
			runOnlyForDeploymentPostprocessing = 0;
		};
/* End PBXResourcesBuildPhase section */

/* Begin PBXShellScriptBuildPhase section */
		05C51533D6BCDB6715A16283 /* [CP] Embed Pods Frameworks */ = {
			isa = PBXShellScriptBuildPhase;
			buildActionMask = 2147483647;
			files = (
			);
			inputFileListPaths = (
				"${PODS_ROOT}/Target Support Files/Pods-TwitterTutorial/Pods-TwitterTutorial-frameworks-${CONFIGURATION}-input-files.xcfilelist",
			);
			name = "[CP] Embed Pods Frameworks";
			outputFileListPaths = (
				"${PODS_ROOT}/Target Support Files/Pods-TwitterTutorial/Pods-TwitterTutorial-frameworks-${CONFIGURATION}-output-files.xcfilelist",
			);
			runOnlyForDeploymentPostprocessing = 0;
			shellPath = /bin/sh;
			shellScript = "\"${PODS_ROOT}/Target Support Files/Pods-TwitterTutorial/Pods-TwitterTutorial-frameworks.sh\"\n";
			showEnvVarsInLog = 0;
		};
		39BDB9E7509DAE20F073A9E1 /* [CP] Check Pods Manifest.lock */ = {
			isa = PBXShellScriptBuildPhase;
			buildActionMask = 2147483647;
			files = (
			);
			inputFileListPaths = (
			);
			inputPaths = (
				"${PODS_PODFILE_DIR_PATH}/Podfile.lock",
				"${PODS_ROOT}/Manifest.lock",
			);
			name = "[CP] Check Pods Manifest.lock";
			outputFileListPaths = (
			);
			outputPaths = (
				"$(DERIVED_FILE_DIR)/Pods-TwitterTutorial-checkManifestLockResult.txt",
			);
			runOnlyForDeploymentPostprocessing = 0;
			shellPath = /bin/sh;
			shellScript = "diff \"${PODS_PODFILE_DIR_PATH}/Podfile.lock\" \"${PODS_ROOT}/Manifest.lock\" > /dev/null\nif [ $? != 0 ] ; then\n    # print error to STDERR\n    echo \"error: The sandbox is not in sync with the Podfile.lock. Run 'pod install' or update your CocoaPods installation.\" >&2\n    exit 1\nfi\n# This output is used by Xcode 'outputs' to avoid re-running this script phase.\necho \"SUCCESS\" > \"${SCRIPT_OUTPUT_FILE_0}\"\n";
			showEnvVarsInLog = 0;
		};
/* End PBXShellScriptBuildPhase section */

/* Begin PBXSourcesBuildPhase section */
		FA8F85072991601500B11798 /* Sources */ = {
			isa = PBXSourcesBuildPhase;
			buildActionMask = 2147483647;
			files = (
				FA8F85132991601500B11798 /* ViewController.swift in Sources */,
				FAF2F8CA299B7A46005F74AF /* ProfileHeaderViewModel.swift in Sources */,
				FAF2F8B82999E6DF005F74AF /* TweetService.swift in Sources */,
				FA8F855F29924D4400B11798 /* Extensions.swift in Sources */,
				FA8F850F2991601500B11798 /* AppDelegate.swift in Sources */,
				FA03D93829E53FFC009387FF /* ActionSheetLauncher.swift in Sources */,
				FA8F853329920FC500B11798 /* ConversationsController.swift in Sources */,
				FAF2F8B429993D13005F74AF /* UploadTweetController.swift in Sources */,
				FAF2F8B229989DD5005F74AF /* User.swift in Sources */,
				FAF2F8B629994E84005F74AF /* CaptionTextView.swift in Sources */,
				FAF2F8C2299B3EC6005F74AF /* ProfileHeader.swift in Sources */,
				FA03D93A29E55C3F009387FF /* ActionSheetCell.swift in Sources */,
				FA8F852D29920F0600B11798 /* FeedController.swift in Sources */,
				FAF2F8C8299B74B0005F74AF /* ProfileFilterOptions.swift in Sources */,
				FAF2F8C0299A98A7005F74AF /* ProfileController.swift in Sources */,
				FA8F852B2991636E00B11798 /* MainTabController.swift in Sources */,
				FAF2F8A8299382CE005F74AF /* Utilities.swift in Sources */,
				FAC9A51529CF0A6D00057E78 /* UploadTweetViewModel.swift in Sources */,
				FAF2F8BA2999F025005F74AF /* Tweet.swift in Sources */,
				FAC9A50F29BB133F00057E78 /* UserCell.swift in Sources */,
				FA03D93E29EBE7E2009387FF /* Notification.swift in Sources */,
				FAF2F8BE299A75F6005F74AF /* TweetViewModel.swift in Sources */,
				FAF2F8C6299B6438005F74AF /* ProfileFilterCell.swift in Sources */,
				FAF2F8AC29954E10005F74AF /* Constants.swift in Sources */,
				FAF2F8C4299B617F005F74AF /* ProfileFilterVIew.swift in Sources */,
				FA8F85642992A41100B11798 /* RegistrationController.swift in Sources */,
				FA03D93C29E79AA8009387FF /* ActionSheetViewModel.swift in Sources */,
				FA8F853129920F9100B11798 /* NotificationsController.swift in Sources */,
				FAC9A51329C945A800057E78 /* TweetHeader.swift in Sources */,
				FAF2F8BC299A0E01005F74AF /* TweetCell.swift in Sources */,
				FA8F85112991601500B11798 /* SceneDelegate.swift in Sources */,
				FAF2F8B0299633CB005F74AF /* UserService.swift in Sources */,
				FA8F852F29920F6100B11798 /* ExploreController.swift in Sources */,
				FA8F85622992A30D00B11798 /* LoginController.swift in Sources */,
				FAF2F8AE2995F8FD005F74AF /* AuthService.swift in Sources */,
				FAC9A51129C8646300057E78 /* TweetController.swift in Sources */,
			);
			runOnlyForDeploymentPostprocessing = 0;
		};
/* End PBXSourcesBuildPhase section */

/* Begin PBXVariantGroup section */
		FA8F85142991601500B11798 /* Main.storyboard */ = {
			isa = PBXVariantGroup;
			children = (
				FA8F85152991601500B11798 /* Base */,
			);
			name = Main.storyboard;
			sourceTree = "<group>";
		};
		FA8F85192991601600B11798 /* LaunchScreen.storyboard */ = {
			isa = PBXVariantGroup;
			children = (
				FA8F851A2991601600B11798 /* Base */,
			);
			name = LaunchScreen.storyboard;
			sourceTree = "<group>";
		};
/* End PBXVariantGroup section */

/* Begin XCBuildConfiguration section */
		FA8F851D2991601600B11798 /* Debug */ = {
			isa = XCBuildConfiguration;
			buildSettings = {
				ALWAYS_SEARCH_USER_PATHS = NO;
				CLANG_ANALYZER_NONNULL = YES;
				CLANG_ANALYZER_NUMBER_OBJECT_CONVERSION = YES_AGGRESSIVE;
				CLANG_CXX_LANGUAGE_STANDARD = "gnu++20";
				CLANG_ENABLE_MODULES = YES;
				CLANG_ENABLE_OBJC_ARC = YES;
				CLANG_ENABLE_OBJC_WEAK = YES;
				CLANG_WARN_BLOCK_CAPTURE_AUTORELEASING = YES;
				CLANG_WARN_BOOL_CONVERSION = YES;
				CLANG_WARN_COMMA = YES;
				CLANG_WARN_CONSTANT_CONVERSION = YES;
				CLANG_WARN_DEPRECATED_OBJC_IMPLEMENTATIONS = YES;
				CLANG_WARN_DIRECT_OBJC_ISA_USAGE = YES_ERROR;
				CLANG_WARN_DOCUMENTATION_COMMENTS = YES;
				CLANG_WARN_EMPTY_BODY = YES;
				CLANG_WARN_ENUM_CONVERSION = YES;
				CLANG_WARN_INFINITE_RECURSION = YES;
				CLANG_WARN_INT_CONVERSION = YES;
				CLANG_WARN_NON_LITERAL_NULL_CONVERSION = YES;
				CLANG_WARN_OBJC_IMPLICIT_RETAIN_SELF = YES;
				CLANG_WARN_OBJC_LITERAL_CONVERSION = YES;
				CLANG_WARN_OBJC_ROOT_CLASS = YES_ERROR;
				CLANG_WARN_QUOTED_INCLUDE_IN_FRAMEWORK_HEADER = YES;
				CLANG_WARN_RANGE_LOOP_ANALYSIS = YES;
				CLANG_WARN_STRICT_PROTOTYPES = YES;
				CLANG_WARN_SUSPICIOUS_MOVE = YES;
				CLANG_WARN_UNGUARDED_AVAILABILITY = YES_AGGRESSIVE;
				CLANG_WARN_UNREACHABLE_CODE = YES;
				CLANG_WARN__DUPLICATE_METHOD_MATCH = YES;
				COPY_PHASE_STRIP = NO;
				DEBUG_INFORMATION_FORMAT = dwarf;
				ENABLE_STRICT_OBJC_MSGSEND = YES;
				ENABLE_TESTABILITY = YES;
				GCC_C_LANGUAGE_STANDARD = gnu11;
				GCC_DYNAMIC_NO_PIC = NO;
				GCC_NO_COMMON_BLOCKS = YES;
				GCC_OPTIMIZATION_LEVEL = 0;
				GCC_PREPROCESSOR_DEFINITIONS = (
					"DEBUG=1",
					"$(inherited)",
				);
				GCC_WARN_64_TO_32_BIT_CONVERSION = YES;
				GCC_WARN_ABOUT_RETURN_TYPE = YES_ERROR;
				GCC_WARN_UNDECLARED_SELECTOR = YES;
				GCC_WARN_UNINITIALIZED_AUTOS = YES_AGGRESSIVE;
				GCC_WARN_UNUSED_FUNCTION = YES;
				GCC_WARN_UNUSED_VARIABLE = YES;
				IPHONEOS_DEPLOYMENT_TARGET = 16.2;
				MTL_ENABLE_DEBUG_INFO = INCLUDE_SOURCE;
				MTL_FAST_MATH = YES;
				ONLY_ACTIVE_ARCH = YES;
				SDKROOT = iphoneos;
				SWIFT_ACTIVE_COMPILATION_CONDITIONS = DEBUG;
				SWIFT_OPTIMIZATION_LEVEL = "-Onone";
			};
			name = Debug;
		};
		FA8F851E2991601600B11798 /* Release */ = {
			isa = XCBuildConfiguration;
			buildSettings = {
				ALWAYS_SEARCH_USER_PATHS = NO;
				CLANG_ANALYZER_NONNULL = YES;
				CLANG_ANALYZER_NUMBER_OBJECT_CONVERSION = YES_AGGRESSIVE;
				CLANG_CXX_LANGUAGE_STANDARD = "gnu++20";
				CLANG_ENABLE_MODULES = YES;
				CLANG_ENABLE_OBJC_ARC = YES;
				CLANG_ENABLE_OBJC_WEAK = YES;
				CLANG_WARN_BLOCK_CAPTURE_AUTORELEASING = YES;
				CLANG_WARN_BOOL_CONVERSION = YES;
				CLANG_WARN_COMMA = YES;
				CLANG_WARN_CONSTANT_CONVERSION = YES;
				CLANG_WARN_DEPRECATED_OBJC_IMPLEMENTATIONS = YES;
				CLANG_WARN_DIRECT_OBJC_ISA_USAGE = YES_ERROR;
				CLANG_WARN_DOCUMENTATION_COMMENTS = YES;
				CLANG_WARN_EMPTY_BODY = YES;
				CLANG_WARN_ENUM_CONVERSION = YES;
				CLANG_WARN_INFINITE_RECURSION = YES;
				CLANG_WARN_INT_CONVERSION = YES;
				CLANG_WARN_NON_LITERAL_NULL_CONVERSION = YES;
				CLANG_WARN_OBJC_IMPLICIT_RETAIN_SELF = YES;
				CLANG_WARN_OBJC_LITERAL_CONVERSION = YES;
				CLANG_WARN_OBJC_ROOT_CLASS = YES_ERROR;
				CLANG_WARN_QUOTED_INCLUDE_IN_FRAMEWORK_HEADER = YES;
				CLANG_WARN_RANGE_LOOP_ANALYSIS = YES;
				CLANG_WARN_STRICT_PROTOTYPES = YES;
				CLANG_WARN_SUSPICIOUS_MOVE = YES;
				CLANG_WARN_UNGUARDED_AVAILABILITY = YES_AGGRESSIVE;
				CLANG_WARN_UNREACHABLE_CODE = YES;
				CLANG_WARN__DUPLICATE_METHOD_MATCH = YES;
				COPY_PHASE_STRIP = NO;
				DEBUG_INFORMATION_FORMAT = "dwarf-with-dsym";
				ENABLE_NS_ASSERTIONS = NO;
				ENABLE_STRICT_OBJC_MSGSEND = YES;
				GCC_C_LANGUAGE_STANDARD = gnu11;
				GCC_NO_COMMON_BLOCKS = YES;
				GCC_WARN_64_TO_32_BIT_CONVERSION = YES;
				GCC_WARN_ABOUT_RETURN_TYPE = YES_ERROR;
				GCC_WARN_UNDECLARED_SELECTOR = YES;
				GCC_WARN_UNINITIALIZED_AUTOS = YES_AGGRESSIVE;
				GCC_WARN_UNUSED_FUNCTION = YES;
				GCC_WARN_UNUSED_VARIABLE = YES;
				IPHONEOS_DEPLOYMENT_TARGET = 16.2;
				MTL_ENABLE_DEBUG_INFO = NO;
				MTL_FAST_MATH = YES;
				SDKROOT = iphoneos;
				SWIFT_COMPILATION_MODE = wholemodule;
				SWIFT_OPTIMIZATION_LEVEL = "-O";
				VALIDATE_PRODUCT = YES;
			};
			name = Release;
		};
		FA8F85202991601600B11798 /* Debug */ = {
			isa = XCBuildConfiguration;
			baseConfigurationReference = 04BBA7C29A203FCE50E3154B /* Pods-TwitterTutorial.debug.xcconfig */;
			buildSettings = {
				ASSETCATALOG_COMPILER_APPICON_NAME = AppIcon;
				ASSETCATALOG_COMPILER_GLOBAL_ACCENT_COLOR_NAME = AccentColor;
				CODE_SIGN_STYLE = Automatic;
				CURRENT_PROJECT_VERSION = 1;
				DEVELOPMENT_TEAM = GGQP4YG839;
				GENERATE_INFOPLIST_FILE = YES;
				INFOPLIST_FILE = TwitterTutorial/Info.plist;
				INFOPLIST_KEY_UIApplicationSupportsIndirectInputEvents = YES;
				INFOPLIST_KEY_UILaunchStoryboardName = LaunchScreen;
				INFOPLIST_KEY_UIMainStoryboardFile = Main;
				INFOPLIST_KEY_UISupportedInterfaceOrientations_iPad = "UIInterfaceOrientationPortrait UIInterfaceOrientationPortraitUpsideDown UIInterfaceOrientationLandscapeLeft UIInterfaceOrientationLandscapeRight";
				INFOPLIST_KEY_UISupportedInterfaceOrientations_iPhone = "UIInterfaceOrientationPortrait UIInterfaceOrientationLandscapeLeft UIInterfaceOrientationLandscapeRight";
				IPHONEOS_DEPLOYMENT_TARGET = 16.1;
				LD_RUNPATH_SEARCH_PATHS = (
					"$(inherited)",
					"@executable_path/Frameworks",
				);
				MARKETING_VERSION = 1.0;
				PRODUCT_BUNDLE_IDENTIFIER = com.codewithviet.TwitterTutorial;
				PRODUCT_NAME = "$(TARGET_NAME)";
				SWIFT_EMIT_LOC_STRINGS = YES;
				SWIFT_VERSION = 5.0;
				TARGETED_DEVICE_FAMILY = "1,2";
			};
			name = Debug;
		};
		FA8F85212991601600B11798 /* Release */ = {
			isa = XCBuildConfiguration;
			baseConfigurationReference = 7A6D6DF3EE03C2DE56532E21 /* Pods-TwitterTutorial.release.xcconfig */;
			buildSettings = {
				ASSETCATALOG_COMPILER_APPICON_NAME = AppIcon;
				ASSETCATALOG_COMPILER_GLOBAL_ACCENT_COLOR_NAME = AccentColor;
				CODE_SIGN_STYLE = Automatic;
				CURRENT_PROJECT_VERSION = 1;
				DEVELOPMENT_TEAM = GGQP4YG839;
				GENERATE_INFOPLIST_FILE = YES;
				INFOPLIST_FILE = TwitterTutorial/Info.plist;
				INFOPLIST_KEY_UIApplicationSupportsIndirectInputEvents = YES;
				INFOPLIST_KEY_UILaunchStoryboardName = LaunchScreen;
				INFOPLIST_KEY_UIMainStoryboardFile = Main;
				INFOPLIST_KEY_UISupportedInterfaceOrientations_iPad = "UIInterfaceOrientationPortrait UIInterfaceOrientationPortraitUpsideDown UIInterfaceOrientationLandscapeLeft UIInterfaceOrientationLandscapeRight";
				INFOPLIST_KEY_UISupportedInterfaceOrientations_iPhone = "UIInterfaceOrientationPortrait UIInterfaceOrientationLandscapeLeft UIInterfaceOrientationLandscapeRight";
				IPHONEOS_DEPLOYMENT_TARGET = 16.1;
				LD_RUNPATH_SEARCH_PATHS = (
					"$(inherited)",
					"@executable_path/Frameworks",
				);
				MARKETING_VERSION = 1.0;
				PRODUCT_BUNDLE_IDENTIFIER = com.codewithviet.TwitterTutorial;
				PRODUCT_NAME = "$(TARGET_NAME)";
				SWIFT_EMIT_LOC_STRINGS = YES;
				SWIFT_VERSION = 5.0;
				TARGETED_DEVICE_FAMILY = "1,2";
			};
			name = Release;
		};
/* End XCBuildConfiguration section */

/* Begin XCConfigurationList section */
		FA8F85062991601500B11798 /* Build configuration list for PBXProject "TwitterTutorial" */ = {
			isa = XCConfigurationList;
			buildConfigurations = (
				FA8F851D2991601600B11798 /* Debug */,
				FA8F851E2991601600B11798 /* Release */,
			);
			defaultConfigurationIsVisible = 0;
			defaultConfigurationName = Release;
		};
		FA8F851F2991601600B11798 /* Build configuration list for PBXNativeTarget "TwitterTutorial" */ = {
			isa = XCConfigurationList;
			buildConfigurations = (
				FA8F85202991601600B11798 /* Debug */,
				FA8F85212991601600B11798 /* Release */,
			);
			defaultConfigurationIsVisible = 0;
			defaultConfigurationName = Release;
		};
/* End XCConfigurationList section */
	};
	rootObject = FA8F85032991601500B11798 /* Project object */;
}
